PODS:
  - PKHUD (5.3.0)
  - RxCocoa (6.2.0):
    - RxRelay (= 6.2.0)
    - RxSwift (= 6.2.0)
  - RxRelay (6.2.0):
    - RxSwift (= 6.2.0)
  - RxSwift (6.2.0)
  - Toaster (2.3.0)

DEPENDENCIES:
  - PKHUD (~> 5.0)
  - RxCocoa (= 6.2.0)
  - RxSwift (= 6.2.0)
  - Toaster (= 2.3.0)

SPEC REPOS:
  https://github.com/CocoaPods/Specs.git:
    - PKHUD
    - RxCocoa
    - RxRelay
    - RxSwift
    - Toaster

SPEC CHECKSUMS:
  PKHUD: 98f3e4bc904b9c916f1c5bb6d765365b5357291b
  RxCocoa: 4baf94bb35f2c0ab31bc0cb9f1900155f646ba42
  RxRelay: e72dbfd157807478401ef1982e1c61c945c94b2f
  RxSwift: d356ab7bee873611322f134c5f9ef379fa183d8f
  Toaster: c3473963c78e8cabbf6ea6f11ad0fdaae6f54987

PODFILE CHECKSUM: 3993a8f90607264af91fe4819bbadae0afacb6d0

COCOAPODS: 1.10.1
